
Microsoft Visual Studio Solution File, Format Version 12.00
Project("{FAE04EC0-301F-11D3-BF4B-00C04F79EFBC}") = "ClientGate", "ClientGate\ClientGate.csproj", "{2BDF0FF2-E3D1-4A03-AA36-872577FDD1E9}"
EndProject
Project("{FAE04EC0-301F-11D3-BF4B-00C04F79EFBC}") = "Contracts", "Contracts\Contracts.csproj", "{0535B9A8-3F47-48AC-A596-9F90E9D8A832}"
EndProject
Project("{FAE04EC0-301F-11D3-BF4B-00C04F79EFBC}") = "CashDispenser", "CashDispenser\CashDispenser.csproj", "{FDE2A9CB-5530-4F2C-BAF6-A4290CA21719}"
EndProject
Project("{FAE04EC0-301F-11D3-BF4B-00C04F79EFBC}") = "Remote", "Remote\Remote.csproj", "{E83E3956-39A7-4D2C-A8B5-38890EADDACC}"
EndProject
Global
	GlobalSection(SolutionConfigurationPlatforms) = preSolution
		Debug|Any CPU = Debug|Any CPU
		Release|Any CPU = Release|Any CPU
	EndGlobalSection
	GlobalSection(ProjectConfigurationPlatforms) = postSolution
		{2BDF0FF2-E3D1-4A03-AA36-872577FDD1E9}.Debug|Any CPU.ActiveCfg = Debug|Any CPU
		{2BDF0FF2-E3D1-4A03-AA36-872577FDD1E9}.Debug|Any CPU.Build.0 = Debug|Any CPU
		{2BDF0FF2-E3D1-4A03-AA36-872577FDD1E9}.Release|Any CPU.ActiveCfg = Release|Any CPU
		{2BDF0FF2-E3D1-4A03-AA36-872577FDD1E9}.Release|Any CPU.Build.0 = Release|Any CPU
		{0535B9A8-3F47-48AC-A596-9F90E9D8A832}.Debug|Any CPU.ActiveCfg = Debug|Any CPU
		{0535B9A8-3F47-48AC-A596-9F90E9D8A832}.Debug|Any CPU.Build.0 = Debug|Any CPU
		{0535B9A8-3F47-48AC-A596-9F90E9D8A832}.Release|Any CPU.ActiveCfg = Release|Any CPU
		{0535B9A8-3F47-48AC-A596-9F90E9D8A832}.Release|Any CPU.Build.0 = Release|Any CPU
		{FDE2A9CB-5530-4F2C-BAF6-A4290CA21719}.Debug|Any CPU.ActiveCfg = Debug|Any CPU
		{FDE2A9CB-5530-4F2C-BAF6-A4290CA21719}.Debug|Any CPU.Build.0 = Debug|Any CPU
		{FDE2A9CB-5530-4F2C-BAF6-A4290CA21719}.Release|Any CPU.ActiveCfg = Release|Any CPU
		{FDE2A9CB-5530-4F2C-BAF6-A4290CA21719}.Release|Any CPU.Build.0 = Release|Any CPU
		{E83E3956-39A7-4D2C-A8B5-38890EADDACC}.Debug|Any CPU.ActiveCfg = Debug|Any CPU
		{E83E3956-39A7-4D2C-A8B5-38890EADDACC}.Debug|Any CPU.Build.0 = Debug|Any CPU
		{E83E3956-39A7-4D2C-A8B5-38890EADDACC}.Release|Any CPU.ActiveCfg = Release|Any CPU
		{E83E3956-39A7-4D2C-A8B5-38890EADDACC}.Release|Any CPU.Build.0 = Release|Any CPU
	EndGlobalSection
EndGlobal
